
Microsoft Visual Studio Solution File, Format Version 12.00
Project("{FAE04EC0-301F-11D3-BF4B-00C04F79EFBC}") = "NeoxFlow", "NeoxFlow\NeoxFlow.csproj", "{3BBD32FE-E154-4041-8FF5-3852489BEA6B}"
EndProject
Global
	GlobalSection(SolutionConfigurationPlatforms) = preSolution
		Debug|Any CPU = Debug|Any CPU
		Release|Any CPU = Release|Any CPU
	EndGlobalSection
	GlobalSection(ProjectConfigurationPlatforms) = postSolution
		{3BBD32FE-E154-4041-8FF5-3852489BEA6B}.Debug|Any CPU.ActiveCfg = Debug|Any CPU
		{3BBD32FE-E154-4041-8FF5-3852489BEA6B}.Debug|Any CPU.Build.0 = Debug|Any CPU
		{3BBD32FE-E154-4041-8FF5-3852489BEA6B}.Release|Any CPU.ActiveCfg = Release|Any CPU
		{3BBD32FE-E154-4041-8FF5-3852489BEA6B}.Release|Any CPU.Build.0 = Release|Any CPU
	EndGlobalSection
EndGlobal
